
Microsoft Visual Studio Solution File, Format Version 12.00
# Visual Studio 14
VisualStudioVersion = 14.0.24720.0
MinimumVisualStudioVersion = 10.0.40219.1
Project("{FAE04EC0-301F-11D3-BF4B-00C04F79EFBC}") = "Fay.Logging", "src\Fay.Logging\Fay.Logging.csproj", "{4DE13C7F-133B-476D-8C59-ED1986A79A21}"
EndProject
Project("{2150E333-8FDC-42A3-9474-1A3956D46DE8}") = "Solution Items", "Solution Items", "{95279380-9EE2-4D53-ABAC-807F4CFA3333}"
	ProjectSection(SolutionItems) = preProject
		.gitattributes = .gitattributes
		.gitignore = .gitignore
		LICENCE.txt = LICENCE.txt
		Package.nuspec = Package.nuspec
		README.md = README.md
	EndProjectSection
EndProject
Global
	GlobalSection(SolutionConfigurationPlatforms) = preSolution
		Debug|Any CPU = Debug|Any CPU
		Release|Any CPU = Release|Any CPU
	EndGlobalSection
	GlobalSection(ProjectConfigurationPlatforms) = postSolution
		{4DE13C7F-133B-476D-8C59-ED1986A79A21}.Debug|Any CPU.ActiveCfg = Debug|Any CPU
		{4DE13C7F-133B-476D-8C59-ED1986A79A21}.Debug|Any CPU.Build.0 = Debug|Any CPU
		{4DE13C7F-133B-476D-8C59-ED1986A79A21}.Release|Any CPU.ActiveCfg = Release|Any CPU
		{4DE13C7F-133B-476D-8C59-ED1986A79A21}.Release|Any CPU.Build.0 = Release|Any CPU
	EndGlobalSection
	GlobalSection(SolutionProperties) = preSolution
		HideSolutionNode = FALSE
	EndGlobalSection
EndGlobal
